
Microsoft Visual Studio Solution File, Format Version 12.00
# Visual Studio 2012
Project("{8BC9CEB8-8B4A-11D0-8D11-00A0C91BC942}") = "Gaze", "Gaze\Gaze.vcxproj", "{108A76D6-9F8A-4FE5-9ADE-8C23B00A9ACD}"
EndProject
Global
	GlobalSection(SolutionConfigurationPlatforms) = preSolution
		Debug|Win32 = Debug|Win32
		Release|Win32 = Release|Win32
	EndGlobalSection
	GlobalSection(ProjectConfigurationPlatforms) = postSolution
		{108A76D6-9F8A-4FE5-9ADE-8C23B00A9ACD}.Debug|Win32.ActiveCfg = Debug|Win32
		{108A76D6-9F8A-4FE5-9ADE-8C23B00A9ACD}.Debug|Win32.Build.0 = Debug|Win32
		{108A76D6-9F8A-4FE5-9ADE-8C23B00A9ACD}.Release|Win32.ActiveCfg = Release|Win32
		{108A76D6-9F8A-4FE5-9ADE-8C23B00A9ACD}.Release|Win32.Build.0 = Release|Win32
	EndGlobalSection
	GlobalSection(SolutionProperties) = preSolution
		HideSolutionNode = FALSE
	EndGlobalSection
EndGlobal
